
Microsoft Visual Studio Solution File, Format Version 12.00
# Visual Studio Version 17
VisualStudioVersion = 17.5.33502.453
MinimumVisualStudioVersion = 10.0.40219.1
Project("{FAE04EC0-301F-11D3-BF4B-00C04F79EFBC}") = "Game2", "Game2\Game2.csproj", "{311AA91C-34CC-4A3C-8F0F-DDA29DE66CBB}"
EndProject
Global
	GlobalSection(SolutionConfigurationPlatforms) = preSolution
		Debug|Any CPU = Debug|Any CPU
		Release|Any CPU = Release|Any CPU
	EndGlobalSection
	GlobalSection(ProjectConfigurationPlatforms) = postSolution
		{311AA91C-34CC-4A3C-8F0F-DDA29DE66CBB}.Debug|Any CPU.ActiveCfg = Debug|Any CPU
		{311AA91C-34CC-4A3C-8F0F-DDA29DE66CBB}.Debug|Any CPU.Build.0 = Debug|Any CPU
		{311AA91C-34CC-4A3C-8F0F-DDA29DE66CBB}.Release|Any CPU.ActiveCfg = Release|Any CPU
		{311AA91C-34CC-4A3C-8F0F-DDA29DE66CBB}.Release|Any CPU.Build.0 = Release|Any CPU
	EndGlobalSection
	GlobalSection(SolutionProperties) = preSolution
		HideSolutionNode = FALSE
	EndGlobalSection
	GlobalSection(ExtensibilityGlobals) = postSolution
		SolutionGuid = {6A7A4A93-6C56-42A7-B49F-62B36F63C4D8}
	EndGlobalSection
EndGlobal
