
Microsoft Visual Studio Solution File, Format Version 12.00
# Visual Studio Version 17
VisualStudioVersion = 17.5.33502.453
MinimumVisualStudioVersion = 10.0.40219.1
Project("{FAE04EC0-301F-11D3-BF4B-00C04F79EFBC}") = "ImageList", "ImageList\ImageList.csproj", "{FEE8C27F-0B30-45A1-8493-09CC15ED3DA5}"
EndProject
Global
	GlobalSection(SolutionConfigurationPlatforms) = preSolution
		Debug|Any CPU = Debug|Any CPU
		Release|Any CPU = Release|Any CPU
	EndGlobalSection
	GlobalSection(ProjectConfigurationPlatforms) = postSolution
		{FEE8C27F-0B30-45A1-8493-09CC15ED3DA5}.Debug|Any CPU.ActiveCfg = Debug|Any CPU
		{FEE8C27F-0B30-45A1-8493-09CC15ED3DA5}.Debug|Any CPU.Build.0 = Debug|Any CPU
		{FEE8C27F-0B30-45A1-8493-09CC15ED3DA5}.Release|Any CPU.ActiveCfg = Release|Any CPU
		{FEE8C27F-0B30-45A1-8493-09CC15ED3DA5}.Release|Any CPU.Build.0 = Release|Any CPU
	EndGlobalSection
	GlobalSection(SolutionProperties) = preSolution
		HideSolutionNode = FALSE
	EndGlobalSection
	GlobalSection(ExtensibilityGlobals) = postSolution
		SolutionGuid = {EEB6E190-DE25-4943-A601-97EC7363563C}
	EndGlobalSection
EndGlobal
